
Microsoft Visual Studio Solution File, Format Version 12.00
# Visual Studio Version 16
VisualStudioVersion = 16.0.30204.135
MinimumVisualStudioVersion = 10.0.40219.1
Project("{9A19103F-16F7-4668-BE54-9A1E7A4F7556}") = "DevTestHelperTools", "DevTestHelperTools\DevTestHelperTools.csproj", "{ABE589E1-2B26-4B44-9D70-313469C31ED2}"
EndProject
Project("{9A19103F-16F7-4668-BE54-9A1E7A4F7556}") = "DevTestHelperTools.Models", "DevTestHelperTools.Models\DevTestHelperTools.Models.csproj", "{5DCBB481-90A6-41C3-8AA9-D1FA4B461859}"
EndProject
Project("{9A19103F-16F7-4668-BE54-9A1E7A4F7556}") = "DevTestHelperTools.Services", "DevTestHelperTools.Services\DevTestHelperTools.Services.csproj", "{125CABB5-E317-4F7B-9961-2CFF930775FD}"
EndProject
Project("{9A19103F-16F7-4668-BE54-9A1E7A4F7556}") = "DevTestHelperTools.Utils", "DevTestHelperTools.Utils\DevTestHelperTools.Utils.csproj", "{CFD2904E-E4E5-42B1-B9F2-9A2DC0B2B177}"
EndProject
Project("{2150E333-8FDC-42A3-9474-1A3956D46DE8}") = "test", "test", "{49F07B50-6DC2-407A-B986-72F4CDBBE9D4}"
EndProject
Project("{9A19103F-16F7-4668-BE54-9A1E7A4F7556}") = "DevTestHelperTools.Test.Unit", "test\DevTestHelperTools.Test.Unit\DevTestHelperTools.Test.Unit.csproj", "{73B1495B-0EDE-4490-9F75-16F1BAF41BDC}"
EndProject
Project("{FAE04EC0-301F-11D3-BF4B-00C04F79EFBC}") = "DevTestHelperTools.Components", "DevTestHelperTools.Components\DevTestHelperTools.Components.csproj", "{7FF9E53A-825C-491F-8871-DC3F7AC295B9}"
EndProject
Global
	GlobalSection(SolutionConfigurationPlatforms) = preSolution
		Debug|Any CPU = Debug|Any CPU
		Release|Any CPU = Release|Any CPU
	EndGlobalSection
	GlobalSection(ProjectConfigurationPlatforms) = postSolution
		{ABE589E1-2B26-4B44-9D70-313469C31ED2}.Debug|Any CPU.ActiveCfg = Debug|Any CPU
		{ABE589E1-2B26-4B44-9D70-313469C31ED2}.Debug|Any CPU.Build.0 = Debug|Any CPU
		{ABE589E1-2B26-4B44-9D70-313469C31ED2}.Release|Any CPU.ActiveCfg = Release|Any CPU
		{ABE589E1-2B26-4B44-9D70-313469C31ED2}.Release|Any CPU.Build.0 = Release|Any CPU
		{5DCBB481-90A6-41C3-8AA9-D1FA4B461859}.Debug|Any CPU.ActiveCfg = Debug|Any CPU
		{5DCBB481-90A6-41C3-8AA9-D1FA4B461859}.Debug|Any CPU.Build.0 = Debug|Any CPU
		{5DCBB481-90A6-41C3-8AA9-D1FA4B461859}.Release|Any CPU.ActiveCfg = Release|Any CPU
		{5DCBB481-90A6-41C3-8AA9-D1FA4B461859}.Release|Any CPU.Build.0 = Release|Any CPU
		{125CABB5-E317-4F7B-9961-2CFF930775FD}.Debug|Any CPU.ActiveCfg = Debug|Any CPU
		{125CABB5-E317-4F7B-9961-2CFF930775FD}.Debug|Any CPU.Build.0 = Debug|Any CPU
		{125CABB5-E317-4F7B-9961-2CFF930775FD}.Release|Any CPU.ActiveCfg = Release|Any CPU
		{125CABB5-E317-4F7B-9961-2CFF930775FD}.Release|Any CPU.Build.0 = Release|Any CPU
		{CFD2904E-E4E5-42B1-B9F2-9A2DC0B2B177}.Debug|Any CPU.ActiveCfg = Debug|Any CPU
		{CFD2904E-E4E5-42B1-B9F2-9A2DC0B2B177}.Debug|Any CPU.Build.0 = Debug|Any CPU
		{CFD2904E-E4E5-42B1-B9F2-9A2DC0B2B177}.Release|Any CPU.ActiveCfg = Release|Any CPU
		{CFD2904E-E4E5-42B1-B9F2-9A2DC0B2B177}.Release|Any CPU.Build.0 = Release|Any CPU
		{73B1495B-0EDE-4490-9F75-16F1BAF41BDC}.Debug|Any CPU.ActiveCfg = Debug|Any CPU
		{73B1495B-0EDE-4490-9F75-16F1BAF41BDC}.Debug|Any CPU.Build.0 = Debug|Any CPU
		{73B1495B-0EDE-4490-9F75-16F1BAF41BDC}.Release|Any CPU.ActiveCfg = Release|Any CPU
		{73B1495B-0EDE-4490-9F75-16F1BAF41BDC}.Release|Any CPU.Build.0 = Release|Any CPU
		{7FF9E53A-825C-491F-8871-DC3F7AC295B9}.Debug|Any CPU.ActiveCfg = Debug|Any CPU
		{7FF9E53A-825C-491F-8871-DC3F7AC295B9}.Debug|Any CPU.Build.0 = Debug|Any CPU
		{7FF9E53A-825C-491F-8871-DC3F7AC295B9}.Release|Any CPU.ActiveCfg = Release|Any CPU
		{7FF9E53A-825C-491F-8871-DC3F7AC295B9}.Release|Any CPU.Build.0 = Release|Any CPU
	EndGlobalSection
	GlobalSection(SolutionProperties) = preSolution
		HideSolutionNode = FALSE
	EndGlobalSection
	GlobalSection(NestedProjects) = preSolution
		{73B1495B-0EDE-4490-9F75-16F1BAF41BDC} = {49F07B50-6DC2-407A-B986-72F4CDBBE9D4}
	EndGlobalSection
	GlobalSection(ExtensibilityGlobals) = postSolution
		SolutionGuid = {BCD79EE5-2DAD-483A-8A9C-042109E5CF99}
	EndGlobalSection
EndGlobal
